# THIS IS AN AUTOGENERATED FILE. DO NOT EDIT THIS FILE DIRECTLY.
# yarn lockfile v1


chroma-js@^2.0.4:
  version "2.0.4"
  resolved "https://registry.yarnpkg.com/chroma-js/-/chroma-js-2.0.4.tgz#51ada59274856411630d45ea533d717018554cea"
  integrity sha512-gk71qOrSdBTLbsd0DIUO3QjZL8tTvMwpG1EoXYScy7rI4rcO4EyYH6zGuvCgUDumKumqg0pt6Ua+vWnMJsTYhw==
